DEPENDENCIES
  abiquo
    path: ../abiquo-cookbook
  abiquo-reporting
    path: ../abiquo-reporting
  abiquo_api
    path: ../abiquo-api-cookbook
  demoenv
    path: .
    metadata: true

GRAPH
  abiquo (0.12.0)
    apache2 (~> 3.1.0)
    cassandra-dse (~> 4.4.0)
    database (~> 5.1.2)
    iptables (~> 2.0.1)
    java (~> 1.46.0)
    java-management (~> 1.0.3)
    kernel-modules (~> 0.1.4)
    mariadb (~> 1.0.1)
    mysql2_chef_gem (~> 2.1.0)
    rabbitmq (~> 4.9.0)
    redisio (~> 2.6.0)
    selinux (~> 0.9.0)
    ssl_certificate (~> 2.1.0)
    sysctl (~> 0.8.1)
    yum (~> 3.10.0)
    yum-epel (~> 0.6.5)
  abiquo-reporting (0.1.0)
    database (~> 5.1.2)
    iptables (~> 2.0.1)
    mariadb (~> 1.0.1)
    mysql2_chef_gem (~> 2.1.0)
    yum-epel (~> 0.6.5)
    zipfile (~> 0.1.0)
  abiquo_api (0.1.3)
  apache2 (3.1.0)
  apt (6.1.4)
  ark (3.1.0)
    build-essential (>= 0.0.0)
    seven_zip (>= 0.0.0)
    windows (>= 0.0.0)
  build-essential (8.0.3)
    mingw (>= 1.1)
    seven_zip (>= 0.0.0)
  cassandra-dse (4.4.0)
    apt (>= 0.0.0)
    ark (>= 0.0.0)
    java (>= 0.0.0)
    systemd (>= 0.0.0)
    ulimit (>= 0.0.0)
    yum (>= 0.0.0)
  chef-client (4.3.3)
    cron (>= 1.2.0)
    logrotate (>= 1.2.0)
    windows (>= 1.39.0)
  compat_resource (12.19.0)
  cron (5.0.1)
  database (5.1.2)
    postgresql (>= 1.0.0)
  demoenv (0.1.8)
    abiquo (~> 0.12.0)
    abiquo-reporting (~> 0.1.0)
    abiquo_api (~> 0.1.2)
    chef-client (~> 4.3.2)
    database (~> 5.1.2)
    iptables (~> 2.0.1)
    kernel-modules (~> 0.1.4)
    nfs (~> 2.2.6)
    ssh_authorized_keys (~> 0.3.0)
    system (~> 0.10.1)
  dpkg_autostart (0.2.0)
  erlang (5.1.0)
    build-essential (>= 0.0.0)
    compat_resource (>= 0.0.0)
    yum-epel (>= 0.0.0)
    yum-erlang_solutions (>= 1.0.3)
  homebrew (4.2.0)
  hostsfile (3.0.1)
  iptables (2.0.2)
    compat_resource (>= 0.0.0)
  java (1.46.0)
    apt (>= 0.0.0)
    homebrew (>= 0.0.0)
    windows (>= 0.0.0)
  java-management (1.0.3)
    java (>= 0.0.0)
  kernel-modules (0.1.4)
  line (1.0.3)
  logrotate (2.2.0)
  mariadb (1.0.1)
    apt (>= 0.0.0)
    yum (>= 0.0.0)
    yum-epel (>= 0.0.0)
  mingw (2.0.1)
    seven_zip (>= 0.0.0)
  mysql (8.5.1)
  mysql2_chef_gem (2.1.0)
    build-essential (>= 2.4.0)
    mariadb (>= 0.0.0)
    mysql (>= 8.2.0)
  nfs (2.2.12)
    line (>= 0.0.0)
    sysctl (>= 0.0.0)
  ohai (5.2.0)
  openssl (7.1.0)
  postgresql (6.1.1)
    build-essential (>= 2.0.0)
    compat_resource (>= 12.16.3)
    openssl (>= 4.0)
  rabbitmq (4.9.0)
    dpkg_autostart (>= 0.0.0)
    erlang (>= 0.0.0)
    yum-epel (>= 0.0.0)
    yum-erlang_solutions (>= 0.0.0)
  redisio (2.6.1)
    build-essential (>= 0.0.0)
    selinux_policy (>= 0.0.0)
    ulimit (>= 0.1.2)
  selinux (0.9.0)
  selinux_policy (2.0.1)
    compat_resource (>= 12.16.3)
  seven_zip (2.0.2)
    windows (>= 1.2.2)
  ssh_authorized_keys (0.3.0)
  ssl_certificate (2.1.0)
  sysctl (0.8.1)
    ohai (>= 4.0)
  system (0.10.1)
    apt (>= 0.0.0)
    cron (>= 0.0.0)
    hostsfile (>= 0.0.0)
  systemd (3.1.4)
    compat_resource (>= 0.0.0)
  ulimit (0.4.0)
  windows (3.4.0)
    ohai (>= 4.0.0)
  yum (3.10.0)
  yum-epel (0.6.6)
    yum (~> 3.10.0)
  yum-erlang_solutions (1.0.3)
    compat_resource (>= 12.16.3)
    yum-epel (>= 0.0.0)
  zipfile (0.1.0)
